
Microsoft Visual Studio Solution File, Format Version 12.00
# Visual Studio Version 17
VisualStudioVersion = 17.6.33829.357
MinimumVisualStudioVersion = 10.0.40219.1
Project("{FAE04EC0-301F-11D3-BF4B-00C04F79EFBC}") = "sftp", "sftp\sftp.csproj", "{6260AFE7-FB48-4196-AE20-D9B543F96E4A}"
EndProject
Global
	GlobalSection(SolutionConfigurationPlatforms) = preSolution
		Debug|Any CPU = Debug|Any CPU
		Release|Any CPU = Release|Any CPU
	EndGlobalSection
	GlobalSection(ProjectConfigurationPlatforms) = postSolution
		{6260AFE7-FB48-4196-AE20-D9B543F96E4A}.Debug|Any CPU.ActiveCfg = Debug|Any CPU
		{6260AFE7-FB48-4196-AE20-D9B543F96E4A}.Debug|Any CPU.Build.0 = Debug|Any CPU
		{6260AFE7-FB48-4196-AE20-D9B543F96E4A}.Release|Any CPU.ActiveCfg = Release|Any CPU
		{6260AFE7-FB48-4196-AE20-D9B543F96E4A}.Release|Any CPU.Build.0 = Release|Any CPU
	EndGlobalSection
	GlobalSection(SolutionProperties) = preSolution
		HideSolutionNode = FALSE
	EndGlobalSection
	GlobalSection(ExtensibilityGlobals) = postSolution
		SolutionGuid = {BFEA9860-B1A0-4744-A01F-CE8D3771A47F}
	EndGlobalSection
EndGlobal
